
Microsoft Visual Studio Solution File, Format Version 12.00
# Visual Studio 15
VisualStudioVersion = 15.0.28307.757
MinimumVisualStudioVersion = 10.0.40219.1
Project("{FAE04EC0-301F-11D3-BF4B-00C04F79EFBC}") = "Range", "Range\Range.csproj", "{3014C3BE-3A89-49EA-B122-E023FF286C45}"
EndProject
Project("{FAE04EC0-301F-11D3-BF4B-00C04F79EFBC}") = "Shapes", "Shapes\Shapes.csproj", "{1D4BF8F1-8E24-4EE2-BB7C-C6F5C184C78A}"
EndProject
Global
	GlobalSection(SolutionConfigurationPlatforms) = preSolution
		Debug|Any CPU = Debug|Any CPU
		Release|Any CPU = Release|Any CPU
	EndGlobalSection
	GlobalSection(ProjectConfigurationPlatforms) = postSolution
		{3014C3BE-3A89-49EA-B122-E023FF286C45}.Debug|Any CPU.ActiveCfg = Debug|Any CPU
		{3014C3BE-3A89-49EA-B122-E023FF286C45}.Debug|Any CPU.Build.0 = Debug|Any CPU
		{3014C3BE-3A89-49EA-B122-E023FF286C45}.Release|Any CPU.ActiveCfg = Release|Any CPU
		{3014C3BE-3A89-49EA-B122-E023FF286C45}.Release|Any CPU.Build.0 = Release|Any CPU
		{1D4BF8F1-8E24-4EE2-BB7C-C6F5C184C78A}.Debug|Any CPU.ActiveCfg = Debug|Any CPU
		{1D4BF8F1-8E24-4EE2-BB7C-C6F5C184C78A}.Debug|Any CPU.Build.0 = Debug|Any CPU
		{1D4BF8F1-8E24-4EE2-BB7C-C6F5C184C78A}.Release|Any CPU.ActiveCfg = Release|Any CPU
		{1D4BF8F1-8E24-4EE2-BB7C-C6F5C184C78A}.Release|Any CPU.Build.0 = Release|Any CPU
	EndGlobalSection
	GlobalSection(SolutionProperties) = preSolution
		HideSolutionNode = FALSE
	EndGlobalSection
	GlobalSection(ExtensibilityGlobals) = postSolution
		SolutionGuid = {0560EC61-3C50-4316-950F-DE954C941426}
	EndGlobalSection
EndGlobal
