
Microsoft Visual Studio Solution File, Format Version 12.00
# Visual Studio 15
VisualStudioVersion = 15.0.28307.757
MinimumVisualStudioVersion = 10.0.40219.1
Project("{FAE04EC0-301F-11D3-BF4B-00C04F79EFBC}") = "Shapes", "Shapes\Shapes.csproj", "{BC6B53CF-8107-4F49-BB24-1DE9938CFA46}"
EndProject
Project("{FAE04EC0-301F-11D3-BF4B-00C04F79EFBC}") = "Vectors", "Vectors\Vectors.csproj", "{EF1F1A7D-2749-4E9C-8E01-D21399E90997}"
EndProject
Project("{FAE04EC0-301F-11D3-BF4B-00C04F79EFBC}") = "ArrayList", "ArrayList\ArrayList.csproj", "{40E783B0-3FEB-4143-9DB5-25062901E62D}"
EndProject
Project("{FAE04EC0-301F-11D3-BF4B-00C04F79EFBC}") = "HashTable", "HashTable\HashTable.csproj", "{75D060F0-3115-4867-9D66-42F5EA642CAE}"
EndProject
Project("{FAE04EC0-301F-11D3-BF4B-00C04F79EFBC}") = "LambdaFunctions", "LambdaFunctions\LambdaFunctions.csproj", "{503C0AA5-0A61-4559-8D32-42F23A9EF820}"
EndProject
Project("{FAE04EC0-301F-11D3-BF4B-00C04F79EFBC}") = "ArrayListHome", "ArrayListHome\ArrayListHome.csproj", "{F170ED94-038F-48D7-85EB-D43BC74AF168}"
EndProject
Project("{FAE04EC0-301F-11D3-BF4B-00C04F79EFBC}") = "Matrix", "Matrix\Matrix.csproj", "{9A9B6D0D-DB5D-49F1-A5AA-F1AF96329B65}"
EndProject
Project("{FAE04EC0-301F-11D3-BF4B-00C04F79EFBC}") = "List", "List\List.csproj", "{633AF797-9C3E-4840-A336-3CD623F8154C}"
EndProject
Project("{FAE04EC0-301F-11D3-BF4B-00C04F79EFBC}") = "Range", "Range\Range.csproj", "{3014C3BE-3A89-49EA-B122-E023FF286C45}"
EndProject
Project("{FAE04EC0-301F-11D3-BF4B-00C04F79EFBC}") = "BinaryTree", "BinaryTree\BinaryTree.csproj", "{0E08B1D5-81F7-4832-8610-781A57AE5703}"
EndProject
Global
	GlobalSection(SolutionConfigurationPlatforms) = preSolution
		Debug|Any CPU = Debug|Any CPU
		Debug|x86 = Debug|x86
		Release|Any CPU = Release|Any CPU
		Release|x86 = Release|x86
	EndGlobalSection
	GlobalSection(ProjectConfigurationPlatforms) = postSolution
		{BC6B53CF-8107-4F49-BB24-1DE9938CFA46}.Debug|Any CPU.ActiveCfg = Debug|Any CPU
		{BC6B53CF-8107-4F49-BB24-1DE9938CFA46}.Debug|Any CPU.Build.0 = Debug|Any CPU
		{BC6B53CF-8107-4F49-BB24-1DE9938CFA46}.Debug|x86.ActiveCfg = Debug|Any CPU
		{BC6B53CF-8107-4F49-BB24-1DE9938CFA46}.Debug|x86.Build.0 = Debug|Any CPU
		{BC6B53CF-8107-4F49-BB24-1DE9938CFA46}.Release|Any CPU.ActiveCfg = Release|Any CPU
		{BC6B53CF-8107-4F49-BB24-1DE9938CFA46}.Release|Any CPU.Build.0 = Release|Any CPU
		{BC6B53CF-8107-4F49-BB24-1DE9938CFA46}.Release|x86.ActiveCfg = Release|Any CPU
		{BC6B53CF-8107-4F49-BB24-1DE9938CFA46}.Release|x86.Build.0 = Release|Any CPU
		{EF1F1A7D-2749-4E9C-8E01-D21399E90997}.Debug|Any CPU.ActiveCfg = Debug|Any CPU
		{EF1F1A7D-2749-4E9C-8E01-D21399E90997}.Debug|Any CPU.Build.0 = Debug|Any CPU
		{EF1F1A7D-2749-4E9C-8E01-D21399E90997}.Debug|x86.ActiveCfg = Debug|Any CPU
		{EF1F1A7D-2749-4E9C-8E01-D21399E90997}.Debug|x86.Build.0 = Debug|Any CPU
		{EF1F1A7D-2749-4E9C-8E01-D21399E90997}.Release|Any CPU.ActiveCfg = Release|Any CPU
		{EF1F1A7D-2749-4E9C-8E01-D21399E90997}.Release|Any CPU.Build.0 = Release|Any CPU
		{EF1F1A7D-2749-4E9C-8E01-D21399E90997}.Release|x86.ActiveCfg = Release|Any CPU
		{EF1F1A7D-2749-4E9C-8E01-D21399E90997}.Release|x86.Build.0 = Release|Any CPU
		{40E783B0-3FEB-4143-9DB5-25062901E62D}.Debug|Any CPU.ActiveCfg = Debug|x86
		{40E783B0-3FEB-4143-9DB5-25062901E62D}.Debug|x86.ActiveCfg = Debug|x86
		{40E783B0-3FEB-4143-9DB5-25062901E62D}.Debug|x86.Build.0 = Debug|x86
		{40E783B0-3FEB-4143-9DB5-25062901E62D}.Release|Any CPU.ActiveCfg = Release|x86
		{40E783B0-3FEB-4143-9DB5-25062901E62D}.Release|x86.ActiveCfg = Release|x86
		{40E783B0-3FEB-4143-9DB5-25062901E62D}.Release|x86.Build.0 = Release|x86
		{75D060F0-3115-4867-9D66-42F5EA642CAE}.Debug|Any CPU.ActiveCfg = Debug|x86
		{75D060F0-3115-4867-9D66-42F5EA642CAE}.Debug|x86.ActiveCfg = Debug|x86
		{75D060F0-3115-4867-9D66-42F5EA642CAE}.Debug|x86.Build.0 = Debug|x86
		{75D060F0-3115-4867-9D66-42F5EA642CAE}.Release|Any CPU.ActiveCfg = Release|x86
		{75D060F0-3115-4867-9D66-42F5EA642CAE}.Release|x86.ActiveCfg = Release|x86
		{75D060F0-3115-4867-9D66-42F5EA642CAE}.Release|x86.Build.0 = Release|x86
		{503C0AA5-0A61-4559-8D32-42F23A9EF820}.Debug|Any CPU.ActiveCfg = Debug|x86
		{503C0AA5-0A61-4559-8D32-42F23A9EF820}.Debug|x86.ActiveCfg = Debug|x86
		{503C0AA5-0A61-4559-8D32-42F23A9EF820}.Debug|x86.Build.0 = Debug|x86
		{503C0AA5-0A61-4559-8D32-42F23A9EF820}.Release|Any CPU.ActiveCfg = Release|x86
		{503C0AA5-0A61-4559-8D32-42F23A9EF820}.Release|x86.ActiveCfg = Release|x86
		{503C0AA5-0A61-4559-8D32-42F23A9EF820}.Release|x86.Build.0 = Release|x86
		{F170ED94-038F-48D7-85EB-D43BC74AF168}.Debug|Any CPU.ActiveCfg = Debug|x86
		{F170ED94-038F-48D7-85EB-D43BC74AF168}.Debug|x86.ActiveCfg = Debug|x86
		{F170ED94-038F-48D7-85EB-D43BC74AF168}.Debug|x86.Build.0 = Debug|x86
		{F170ED94-038F-48D7-85EB-D43BC74AF168}.Release|Any CPU.ActiveCfg = Release|x86
		{F170ED94-038F-48D7-85EB-D43BC74AF168}.Release|x86.ActiveCfg = Release|x86
		{F170ED94-038F-48D7-85EB-D43BC74AF168}.Release|x86.Build.0 = Release|x86
		{9A9B6D0D-DB5D-49F1-A5AA-F1AF96329B65}.Debug|Any CPU.ActiveCfg = Debug|Any CPU
		{9A9B6D0D-DB5D-49F1-A5AA-F1AF96329B65}.Debug|Any CPU.Build.0 = Debug|Any CPU
		{9A9B6D0D-DB5D-49F1-A5AA-F1AF96329B65}.Debug|x86.ActiveCfg = Debug|Any CPU
		{9A9B6D0D-DB5D-49F1-A5AA-F1AF96329B65}.Debug|x86.Build.0 = Debug|Any CPU
		{9A9B6D0D-DB5D-49F1-A5AA-F1AF96329B65}.Release|Any CPU.ActiveCfg = Release|Any CPU
		{9A9B6D0D-DB5D-49F1-A5AA-F1AF96329B65}.Release|Any CPU.Build.0 = Release|Any CPU
		{9A9B6D0D-DB5D-49F1-A5AA-F1AF96329B65}.Release|x86.ActiveCfg = Release|Any CPU
		{9A9B6D0D-DB5D-49F1-A5AA-F1AF96329B65}.Release|x86.Build.0 = Release|Any CPU
		{633AF797-9C3E-4840-A336-3CD623F8154C}.Debug|Any CPU.ActiveCfg = Debug|Any CPU
		{633AF797-9C3E-4840-A336-3CD623F8154C}.Debug|Any CPU.Build.0 = Debug|Any CPU
		{633AF797-9C3E-4840-A336-3CD623F8154C}.Debug|x86.ActiveCfg = Debug|Any CPU
		{633AF797-9C3E-4840-A336-3CD623F8154C}.Debug|x86.Build.0 = Debug|Any CPU
		{633AF797-9C3E-4840-A336-3CD623F8154C}.Release|Any CPU.ActiveCfg = Release|Any CPU
		{633AF797-9C3E-4840-A336-3CD623F8154C}.Release|Any CPU.Build.0 = Release|Any CPU
		{633AF797-9C3E-4840-A336-3CD623F8154C}.Release|x86.ActiveCfg = Release|Any CPU
		{633AF797-9C3E-4840-A336-3CD623F8154C}.Release|x86.Build.0 = Release|Any CPU
		{3014C3BE-3A89-49EA-B122-E023FF286C45}.Debug|Any CPU.ActiveCfg = Debug|Any CPU
		{3014C3BE-3A89-49EA-B122-E023FF286C45}.Debug|Any CPU.Build.0 = Debug|Any CPU
		{3014C3BE-3A89-49EA-B122-E023FF286C45}.Debug|x86.ActiveCfg = Debug|Any CPU
		{3014C3BE-3A89-49EA-B122-E023FF286C45}.Debug|x86.Build.0 = Debug|Any CPU
		{3014C3BE-3A89-49EA-B122-E023FF286C45}.Release|Any CPU.ActiveCfg = Release|Any CPU
		{3014C3BE-3A89-49EA-B122-E023FF286C45}.Release|Any CPU.Build.0 = Release|Any CPU
		{3014C3BE-3A89-49EA-B122-E023FF286C45}.Release|x86.ActiveCfg = Release|Any CPU
		{3014C3BE-3A89-49EA-B122-E023FF286C45}.Release|x86.Build.0 = Release|Any CPU
		{0E08B1D5-81F7-4832-8610-781A57AE5703}.Debug|Any CPU.ActiveCfg = Debug|x86
		{0E08B1D5-81F7-4832-8610-781A57AE5703}.Debug|x86.ActiveCfg = Debug|x86
		{0E08B1D5-81F7-4832-8610-781A57AE5703}.Debug|x86.Build.0 = Debug|x86
		{0E08B1D5-81F7-4832-8610-781A57AE5703}.Release|Any CPU.ActiveCfg = Release|x86
		{0E08B1D5-81F7-4832-8610-781A57AE5703}.Release|x86.ActiveCfg = Release|x86
		{0E08B1D5-81F7-4832-8610-781A57AE5703}.Release|x86.Build.0 = Release|x86
	EndGlobalSection
	GlobalSection(SolutionProperties) = preSolution
		HideSolutionNode = FALSE
	EndGlobalSection
	GlobalSection(ExtensibilityGlobals) = postSolution
		SolutionGuid = {0560EC61-3C50-4316-950F-DE954C941426}
	EndGlobalSection
EndGlobal
